
Microsoft Visual Studio Solution File, Format Version 12.00
# Visual Studio 14
VisualStudioVersion = 14.0.25420.1
MinimumVisualStudioVersion = 10.0.40219.1
Project("{FAE04EC0-301F-11D3-BF4B-00C04F79EFBC}") = "Alex.Mimo.Test.DataAccess", "Alex.Mimo.Test.DataAccess\Alex.Mimo.Test.DataAccess.csproj", "{74B40CC6-5AAD-4023-854F-4244EE4FB362}"
EndProject
Project("{FAE04EC0-301F-11D3-BF4B-00C04F79EFBC}") = "Alex.Mimo.Test.Core", "Alex.Mimo.Test.Core\Alex.Mimo.Test.Core.csproj", "{EE44BA71-ADC2-4BBA-A2D1-3BF5C8AC010F}"
EndProject
Project("{FAE04EC0-301F-11D3-BF4B-00C04F79EFBC}") = "Alex.Mimo.Test", "Alex.Mimo.Test\Alex.Mimo.Test.csproj", "{1AC9D905-D257-4280-B5B6-C7A0E926DD1C}"
EndProject
Global
	GlobalSection(SolutionConfigurationPlatforms) = preSolution
		Debug|Any CPU = Debug|Any CPU
		Release|Any CPU = Release|Any CPU
	EndGlobalSection
	GlobalSection(ProjectConfigurationPlatforms) = postSolution
		{74B40CC6-5AAD-4023-854F-4244EE4FB362}.Debug|Any CPU.ActiveCfg = Debug|Any CPU
		{74B40CC6-5AAD-4023-854F-4244EE4FB362}.Debug|Any CPU.Build.0 = Debug|Any CPU
		{74B40CC6-5AAD-4023-854F-4244EE4FB362}.Release|Any CPU.ActiveCfg = Release|Any CPU
		{74B40CC6-5AAD-4023-854F-4244EE4FB362}.Release|Any CPU.Build.0 = Release|Any CPU
		{EE44BA71-ADC2-4BBA-A2D1-3BF5C8AC010F}.Debug|Any CPU.ActiveCfg = Debug|Any CPU
		{EE44BA71-ADC2-4BBA-A2D1-3BF5C8AC010F}.Debug|Any CPU.Build.0 = Debug|Any CPU
		{EE44BA71-ADC2-4BBA-A2D1-3BF5C8AC010F}.Release|Any CPU.ActiveCfg = Release|Any CPU
		{EE44BA71-ADC2-4BBA-A2D1-3BF5C8AC010F}.Release|Any CPU.Build.0 = Release|Any CPU
		{1AC9D905-D257-4280-B5B6-C7A0E926DD1C}.Debug|Any CPU.ActiveCfg = Debug|Any CPU
		{1AC9D905-D257-4280-B5B6-C7A0E926DD1C}.Debug|Any CPU.Build.0 = Debug|Any CPU
		{1AC9D905-D257-4280-B5B6-C7A0E926DD1C}.Release|Any CPU.ActiveCfg = Release|Any CPU
		{1AC9D905-D257-4280-B5B6-C7A0E926DD1C}.Release|Any CPU.Build.0 = Release|Any CPU
	EndGlobalSection
	GlobalSection(SolutionProperties) = preSolution
		HideSolutionNode = FALSE
	EndGlobalSection
EndGlobal
